
Microsoft Visual Studio Solution File, Format Version 12.00
# Visual Studio Version 16
VisualStudioVersion = 16.0.30114.105
MinimumVisualStudioVersion = 10.0.40219.1
Project("{2150E333-8FDC-42A3-9474-1A3956D46DE8}") = "src", "src", "{81180CDC-3467-4274-BDF8-4F680D18340D}"
EndProject
Project("{F2A71F9B-5D33-465A-A702-920D77279786}") = "PSModule", "src\PSModule\PSModule.fsproj", "{C777F012-A412-4C0B-8190-ADD6EC6836FA}"
EndProject
Global
	GlobalSection(SolutionConfigurationPlatforms) = preSolution
		Debug|Any CPU = Debug|Any CPU
		Release|Any CPU = Release|Any CPU
	EndGlobalSection
	GlobalSection(SolutionProperties) = preSolution
		HideSolutionNode = FALSE
	EndGlobalSection
	GlobalSection(ProjectConfigurationPlatforms) = postSolution
		{C777F012-A412-4C0B-8190-ADD6EC6836FA}.Debug|Any CPU.ActiveCfg = Debug|Any CPU
		{C777F012-A412-4C0B-8190-ADD6EC6836FA}.Debug|Any CPU.Build.0 = Debug|Any CPU
		{C777F012-A412-4C0B-8190-ADD6EC6836FA}.Release|Any CPU.ActiveCfg = Release|Any CPU
		{C777F012-A412-4C0B-8190-ADD6EC6836FA}.Release|Any CPU.Build.0 = Release|Any CPU
	EndGlobalSection
	GlobalSection(NestedProjects) = preSolution
		{C777F012-A412-4C0B-8190-ADD6EC6836FA} = {81180CDC-3467-4274-BDF8-4F680D18340D}
	EndGlobalSection
EndGlobal
