github.com/blackjack/webcam v0.6.1 h1:K0T6Q0zto23U99gNAa5q/hFoye6uGcKr2aE6hFoxVoE=
github.com/blackjack/webcam v0.6.1/go.mod h1:zs+RkUZzqpFPHPiwBZ6U5B34ZXXe9i+SiHLKnnukJuI=
github.com/google/uuid v1.6.0 h1:NIvaJDMOsjHA8n1jAhLSgzrAzy1Hgr+hNrb57e+94F0=
github.com/google/uuid v1.6.0/go.mod h1:TIyPZe4MgqvfeYDBFedMoGGpEw/LqOeaOT+nhxU+yHo=
github.com/pion/mediadevices v0.7.1 h1:ayMneLx1ymJr0rVRn01foqu8LO/FQ97MS1IKM/XgpuY=
github.com/pion/mediadevices v0.7.1/go.mod h1:89jObwFJ4IkL2vkaN8Gq9tSjp0jAY4JtTJ84Ix+QODQ=
golang.org/x/image v0.23.0 h1:HseQ7c2OpPKTPVzNjG5fwJsOTCiiwS4QdsYi5XU6H68=
golang.org/x/image v0.23.0/go.mod h1:wJJBTdLfCCf3tiHa1fNxpZmUI4mmoZvwMCPP0ddoNKY=
golang.org/x/sys v0.29.0 h1:TPYlXGxvx1MGTn2GiZDhnjPA9wZzZeGKHHmKhHYvgaU=
golang.org/x/sys v0.29.0/go.mod h1:/VUhepiaJMQUp4+oa/7Zr1D23ma6VTLIYjOOTFZPUcA=
